
Microsoft Visual Studio Solution File, Format Version 12.00
# Visual Studio Version 17
VisualStudioVersion = 17.1.32328.378
MinimumVisualStudioVersion = 10.0.40219.1
Project("{FAE04EC0-301F-11D3-BF4B-00C04F79EFBC}") = "ReadQueueToBlob", "ReadQueueToBlob\ReadQueueToBlob.csproj", "{D8C6593A-8648-4701-85CC-644611C627ED}"
EndProject
Global
	GlobalSection(SolutionConfigurationPlatforms) = preSolution
		Debug|Any CPU = Debug|Any CPU
		Release|Any CPU = Release|Any CPU
	EndGlobalSection
	GlobalSection(ProjectConfigurationPlatforms) = postSolution
		{D8C6593A-8648-4701-85CC-644611C627ED}.Debug|Any CPU.ActiveCfg = Debug|Any CPU
		{D8C6593A-8648-4701-85CC-644611C627ED}.Debug|Any CPU.Build.0 = Debug|Any CPU
		{D8C6593A-8648-4701-85CC-644611C627ED}.Release|Any CPU.ActiveCfg = Release|Any CPU
		{D8C6593A-8648-4701-85CC-644611C627ED}.Release|Any CPU.Build.0 = Release|Any CPU
	EndGlobalSection
	GlobalSection(SolutionProperties) = preSolution
		HideSolutionNode = FALSE
	EndGlobalSection
	GlobalSection(ExtensibilityGlobals) = postSolution
		SolutionGuid = {E69D4560-FF90-4BAC-9EB5-811CA361D3A1}
	EndGlobalSection
EndGlobal
